
Microsoft Visual Studio Solution File, Format Version 12.00
# Visual Studio Version 17
VisualStudioVersion = 17.13.35818.85 d17.13
MinimumVisualStudioVersion = 10.0.40219.1
Project("{888888A0-9F3D-457C-B088-3A5042F75D52}") = "prop_taxes1", "prop_taxes1.pyproj", "{D5FF50FB-36C5-4A0D-8683-7358A4ABD809}"
EndProject
Global
	GlobalSection(SolutionConfigurationPlatforms) = preSolution
		Debug|Any CPU = Debug|Any CPU
		Release|Any CPU = Release|Any CPU
	EndGlobalSection
	GlobalSection(ProjectConfigurationPlatforms) = postSolution
		{D5FF50FB-36C5-4A0D-8683-7358A4ABD809}.Debug|Any CPU.ActiveCfg = Debug|Any CPU
		{D5FF50FB-36C5-4A0D-8683-7358A4ABD809}.Release|Any CPU.ActiveCfg = Release|Any CPU
	EndGlobalSection
	GlobalSection(SolutionProperties) = preSolution
		HideSolutionNode = FALSE
	EndGlobalSection
	GlobalSection(ExtensibilityGlobals) = postSolution
		SolutionGuid = {B4C3363D-C6DA-4216-AEBF-3E62167C45DA}
	EndGlobalSection
EndGlobal
